// !$*UTF8*$!
{
	archiveVersion = 1;
	classes = {
	};
	objectVersion = 46;
	objects = {

/* Begin PBXBuildFile section */
		AC01408A1C2DE5D40010D0E3 /* Heap.cpp in Sources */ = {isa = PBXBuildFile; fileRef = AC0140881C2DE5D40010D0E3 /* Heap.cpp */; };
		AC2D389C1C1C6810000C715A /* IOManager.cpp in Sources */ = {isa = PBXBuildFile; fileRef = AC2D389A1C1C6810000C715A /* IOManager.cpp */; };
		AC2D38A11C1CBD53000C715A /* GenomeIndexer.cpp in Sources */ = {isa = PBXBuildFile; fileRef = AC2D389F1C1CBD53000C715A /* GenomeIndexer.cpp */; };
		AC2D38A81C1CEE99000C715A /* Config.cpp in Sources */ = {isa = PBXBuildFile; fileRef = AC2D38A61C1CEE99000C715A /* Config.cpp */; };
		AC30D3C71C0CD77F00F48FB9 /* main.cpp in Sources */ = {isa = PBXBuildFile; fileRef = AC30D3C61C0CD77F00F48FB9 /* main.cpp */; };
		AC49965C1C1DEC1400575DD5 /* GenomeIndex.cpp in Sources */ = {isa = PBXBuildFile; fileRef = AC49965A1C1DEC1400575DD5 /* GenomeIndex.cpp */; };
		AC49965F1C1DEC9500575DD5 /* Read.cpp in Sources */ = {isa = PBXBuildFile; fileRef = AC49965D1C1DEC9500575DD5 /* Read.cpp */; };
		AC4996621C1DEE5700575DD5 /* CorrectAlignment.cpp in Sources */ = {isa = PBXBuildFile; fileRef = AC4996601C1DEE5700575DD5 /* CorrectAlignment.cpp */; };
		AC4996651C1DEFB400575DD5 /* Alignment.cpp in Sources */ = {isa = PBXBuildFile; fileRef = AC4996631C1DEFB400575DD5 /* Alignment.cpp */; };
		AC8D7A2F1C66B5000022C250 /* SuperBBMapper.cpp in Sources */ = {isa = PBXBuildFile; fileRef = AC8D7A2D1C66B5000022C250 /* SuperBBMapper.cpp */; };
		AC93E3661C5570F30096AC41 /* Utils.cpp in Sources */ = {isa = PBXBuildFile; fileRef = AC93E3641C5570F30096AC41 /* Utils.cpp */; };
/* End PBXBuildFile section */

/* Begin PBXCopyFilesBuildPhase section */
		AC30D3C11C0CD77F00F48FB9 /* CopyFiles */ = {
			isa = PBXCopyFilesBuildPhase;
			buildActionMask = 2147483647;
			dstPath = /usr/share/man/man1/;
			dstSubfolderSpec = 0;
			files = (
			);
			runOnlyForDeploymentPostprocessing = 1;
		};
/* End PBXCopyFilesBuildPhase section */

/* Begin PBXFileReference section */
		AC0140881C2DE5D40010D0E3 /* Heap.cpp */ = {isa = PBXFileReference; fileEncoding = 4; lastKnownFileType = sourcecode.cpp.cpp; name = Heap.cpp; path = Models/Heap.cpp; sourceTree = "<group>"; };
		AC0140891C2DE5D40010D0E3 /* Heap.hpp */ = {isa = PBXFileReference; fileEncoding = 4; lastKnownFileType = sourcecode.cpp.h; name = Heap.hpp; path = Models/Heap.hpp; sourceTree = "<group>"; };
		AC2D389A1C1C6810000C715A /* IOManager.cpp */ = {isa = PBXFileReference; fileEncoding = 4; lastKnownFileType = sourcecode.cpp.cpp; name = IOManager.cpp; path = IOManager/IOManager.cpp; sourceTree = "<group>"; };
		AC2D389B1C1C6810000C715A /* IOManager.hpp */ = {isa = PBXFileReference; fileEncoding = 4; lastKnownFileType = sourcecode.cpp.h; name = IOManager.hpp; path = IOManager/IOManager.hpp; sourceTree = "<group>"; };
		AC2D389E1C1CBA6B000C715A /* test_genome.fa */ = {isa = PBXFileReference; fileEncoding = 4; lastKnownFileType = text; name = test_genome.fa; path = SuperBBmap/InputTestsStorage/test_genome.fa; sourceTree = "<group>"; };
		AC2D389F1C1CBD53000C715A /* GenomeIndexer.cpp */ = {isa = PBXFileReference; fileEncoding = 4; lastKnownFileType = sourcecode.cpp.cpp; name = GenomeIndexer.cpp; path = GenomeIndexer/GenomeIndexer.cpp; sourceTree = "<group>"; };
		AC2D38A01C1CBD53000C715A /* GenomeIndexer.hpp */ = {isa = PBXFileReference; fileEncoding = 4; lastKnownFileType = sourcecode.cpp.h; name = GenomeIndexer.hpp; path = GenomeIndexer/GenomeIndexer.hpp; sourceTree = "<group>"; };
		AC2D38A61C1CEE99000C715A /* Config.cpp */ = {isa = PBXFileReference; fileEncoding = 4; lastKnownFileType = sourcecode.cpp.cpp; name = Config.cpp; path = SuperBBmap/Config.cpp; sourceTree = "<group>"; };
		AC2D38A71C1CEE99000C715A /* Config.hpp */ = {isa = PBXFileReference; fileEncoding = 4; lastKnownFileType = sourcecode.cpp.h; name = Config.hpp; path = SuperBBmap/Config.hpp; sourceTree = "<group>"; };
		AC30D3C31C0CD77F00F48FB9 /* SuperBBmap */ = {isa = PBXFileReference; explicitFileType = "compiled.mach-o.executable"; includeInIndex = 0; path = SuperBBmap; sourceTree = BUILT_PRODUCTS_DIR; };
		AC30D3C61C0CD77F00F48FB9 /* main.cpp */ = {isa = PBXFileReference; lastKnownFileType = sourcecode.cpp.cpp; path = main.cpp; sourceTree = "<group>"; };
		AC49965A1C1DEC1400575DD5 /* GenomeIndex.cpp */ = {isa = PBXFileReference; fileEncoding = 4; lastKnownFileType = sourcecode.cpp.cpp; name = GenomeIndex.cpp; path = Models/GenomeIndex.cpp; sourceTree = "<group>"; };
		AC49965B1C1DEC1400575DD5 /* GenomeIndex.hpp */ = {isa = PBXFileReference; fileEncoding = 4; lastKnownFileType = sourcecode.cpp.h; name = GenomeIndex.hpp; path = Models/GenomeIndex.hpp; sourceTree = "<group>"; };
		AC49965D1C1DEC9500575DD5 /* Read.cpp */ = {isa = PBXFileReference; fileEncoding = 4; lastKnownFileType = sourcecode.cpp.cpp; name = Read.cpp; path = Models/Read.cpp; sourceTree = "<group>"; };
		AC49965E1C1DEC9500575DD5 /* Read.hpp */ = {isa = PBXFileReference; fileEncoding = 4; lastKnownFileType = sourcecode.cpp.h; name = Read.hpp; path = Models/Read.hpp; sourceTree = "<group>"; };
		AC4996601C1DEE5700575DD5 /* CorrectAlignment.cpp */ = {isa = PBXFileReference; fileEncoding = 4; lastKnownFileType = sourcecode.cpp.cpp; name = CorrectAlignment.cpp; path = Models/CorrectAlignment.cpp; sourceTree = "<group>"; };
		AC4996611C1DEE5700575DD5 /* CorrectAlignment.hpp */ = {isa = PBXFileReference; fileEncoding = 4; lastKnownFileType = sourcecode.cpp.h; name = CorrectAlignment.hpp; path = Models/CorrectAlignment.hpp; sourceTree = "<group>"; };
		AC4996631C1DEFB400575DD5 /* Alignment.cpp */ = {isa = PBXFileReference; fileEncoding = 4; lastKnownFileType = sourcecode.cpp.cpp; name = Alignment.cpp; path = Models/Alignment.cpp; sourceTree = "<group>"; };
		AC4996641C1DEFB400575DD5 /* Alignment.hpp */ = {isa = PBXFileReference; fileEncoding = 4; lastKnownFileType = sourcecode.cpp.h; name = Alignment.hpp; path = Models/Alignment.hpp; sourceTree = "<group>"; };
		AC8D7A2D1C66B5000022C250 /* SuperBBMapper.cpp */ = {isa = PBXFileReference; fileEncoding = 4; lastKnownFileType = sourcecode.cpp.cpp; path = SuperBBMapper.cpp; sourceTree = "<group>"; };
		AC8D7A2E1C66B5000022C250 /* SuperBBMapper.hpp */ = {isa = PBXFileReference; fileEncoding = 4; lastKnownFileType = sourcecode.cpp.h; path = SuperBBMapper.hpp; sourceTree = "<group>"; };
		AC93E3641C5570F30096AC41 /* Utils.cpp */ = {isa = PBXFileReference; fileEncoding = 4; lastKnownFileType = sourcecode.cpp.cpp; path = Utils.cpp; sourceTree = "<group>"; };
		AC93E3651C5570F30096AC41 /* Utils.hpp */ = {isa = PBXFileReference; fileEncoding = 4; lastKnownFileType = sourcecode.cpp.h; path = Utils.hpp; sourceTree = "<group>"; };
/* End PBXFileReference section */

/* Begin PBXFrameworksBuildPhase section */
		AC30D3C01C0CD77F00F48FB9 /* Frameworks */ = {
			isa = PBXFrameworksBuildPhase;
			buildActionMask = 2147483647;
			files = (
			);
			runOnlyForDeploymentPostprocessing = 0;
		};
/* End PBXFrameworksBuildPhase section */

/* Begin PBXGroup section */
		AC2D38981C1C65A6000C715A /* GenomeIndexer */ = {
			isa = PBXGroup;
			children = (
				AC2D389F1C1CBD53000C715A /* GenomeIndexer.cpp */,
				AC2D38A01C1CBD53000C715A /* GenomeIndexer.hpp */,
			);
			name = GenomeIndexer;
			sourceTree = "<group>";
		};
		AC2D38991C1C67E7000C715A /* IOManager */ = {
			isa = PBXGroup;
			children = (
				AC2D389A1C1C6810000C715A /* IOManager.cpp */,
				AC2D389B1C1C6810000C715A /* IOManager.hpp */,
			);
			name = IOManager;
			sourceTree = "<group>";
		};
		AC2D389D1C1C6FCB000C715A /* InputTestsStorage */ = {
			isa = PBXGroup;
			children = (
				AC2D389E1C1CBA6B000C715A /* test_genome.fa */,
			);
			name = InputTestsStorage;
			sourceTree = "<group>";
		};
		AC2D38A21C1CE1C2000C715A /* Utils */ = {
			isa = PBXGroup;
			children = (
				AC93E3641C5570F30096AC41 /* Utils.cpp */,
				AC93E3651C5570F30096AC41 /* Utils.hpp */,
			);
			name = Utils;
			path = SuperBBmap/Utils;
			sourceTree = "<group>";
		};
		AC30D3BA1C0CD77F00F48FB9 = {
			isa = PBXGroup;
			children = (
				AC2D38A61C1CEE99000C715A /* Config.cpp */,
				AC2D38A71C1CEE99000C715A /* Config.hpp */,
				AC2D38A21C1CE1C2000C715A /* Utils */,
				AC30D3C51C0CD77F00F48FB9 /* SuperBBmap */,
				ACD905E11C1D995700C00D5A /* OutputTestStorage */,
				AC2D389D1C1C6FCB000C715A /* InputTestsStorage */,
				AC30D3C41C0CD77F00F48FB9 /* Products */,
			);
			sourceTree = "<group>";
		};
		AC30D3C41C0CD77F00F48FB9 /* Products */ = {
			isa = PBXGroup;
			children = (
				AC30D3C31C0CD77F00F48FB9 /* SuperBBmap */,
			);
			name = Products;
			sourceTree = "<group>";
		};
		AC30D3C51C0CD77F00F48FB9 /* SuperBBmap */ = {
			isa = PBXGroup;
			children = (
				AC4996591C1DEBC300575DD5 /* Models */,
				AC2D38991C1C67E7000C715A /* IOManager */,
				AC2D38981C1C65A6000C715A /* GenomeIndexer */,
				AC30D3C61C0CD77F00F48FB9 /* main.cpp */,
				AC8D7A2D1C66B5000022C250 /* SuperBBMapper.cpp */,
				AC8D7A2E1C66B5000022C250 /* SuperBBMapper.hpp */,
			);
			path = SuperBBmap;
			sourceTree = "<group>";
		};
		AC4996591C1DEBC300575DD5 /* Models */ = {
			isa = PBXGroup;
			children = (
				AC49965A1C1DEC1400575DD5 /* GenomeIndex.cpp */,
				AC49965B1C1DEC1400575DD5 /* GenomeIndex.hpp */,
				AC49965D1C1DEC9500575DD5 /* Read.cpp */,
				AC49965E1C1DEC9500575DD5 /* Read.hpp */,
				AC4996601C1DEE5700575DD5 /* CorrectAlignment.cpp */,
				AC4996611C1DEE5700575DD5 /* CorrectAlignment.hpp */,
				AC4996631C1DEFB400575DD5 /* Alignment.cpp */,
				AC4996641C1DEFB400575DD5 /* Alignment.hpp */,
				AC0140881C2DE5D40010D0E3 /* Heap.cpp */,
				AC0140891C2DE5D40010D0E3 /* Heap.hpp */,
			);
			name = Models;
			sourceTree = "<group>";
		};
		ACD905E11C1D995700C00D5A /* OutputTestStorage */ = {
			isa = PBXGroup;
			children = (
			);
			name = OutputTestStorage;
			sourceTree = "<group>";
		};
/* End PBXGroup section */

/* Begin PBXNativeTarget section */
		AC30D3C21C0CD77F00F48FB9 /* SuperBBmap */ = {
			isa = PBXNativeTarget;
			buildConfigurationList = AC30D3CA1C0CD77F00F48FB9 /* Build configuration list for PBXNativeTarget "SuperBBmap" */;
			buildPhases = (
				AC30D3BF1C0CD77F00F48FB9 /* Sources */,
				AC30D3C01C0CD77F00F48FB9 /* Frameworks */,
				AC30D3C11C0CD77F00F48FB9 /* CopyFiles */,
			);
			buildRules = (
			);
			dependencies = (
			);
			name = SuperBBmap;
			productName = SuperBBmap;
			productReference = AC30D3C31C0CD77F00F48FB9 /* SuperBBmap */;
			productType = "com.apple.product-type.tool";
		};
/* End PBXNativeTarget section */

/* Begin PBXProject section */
		AC30D3BB1C0CD77F00F48FB9 /* Project object */ = {
			isa = PBXProject;
			attributes = {
				LastUpgradeCheck = 0710;
				ORGANIZATIONNAME = "Josip Maric";
				TargetAttributes = {
					AC30D3C21C0CD77F00F48FB9 = {
						CreatedOnToolsVersion = 7.1;
					};
				};
			};
			buildConfigurationList = AC30D3BE1C0CD77F00F48FB9 /* Build configuration list for PBXProject "SuperBBmap" */;
			compatibilityVersion = "Xcode 3.2";
			developmentRegion = English;
			hasScannedForEncodings = 0;
			knownRegions = (
				en,
			);
			mainGroup = AC30D3BA1C0CD77F00F48FB9;
			productRefGroup = AC30D3C41C0CD77F00F48FB9 /* Products */;
			projectDirPath = "";
			projectRoot = "";
			targets = (
				AC30D3C21C0CD77F00F48FB9 /* SuperBBmap */,
			);
		};
/* End PBXProject section */

/* Begin PBXSourcesBuildPhase section */
		AC30D3BF1C0CD77F00F48FB9 /* Sources */ = {
			isa = PBXSourcesBuildPhase;
			buildActionMask = 2147483647;
			files = (
				AC2D38A11C1CBD53000C715A /* GenomeIndexer.cpp in Sources */,
				AC30D3C71C0CD77F00F48FB9 /* main.cpp in Sources */,
				AC8D7A2F1C66B5000022C250 /* SuperBBMapper.cpp in Sources */,
				AC2D389C1C1C6810000C715A /* IOManager.cpp in Sources */,
				AC93E3661C5570F30096AC41 /* Utils.cpp in Sources */,
				AC2D38A81C1CEE99000C715A /* Config.cpp in Sources */,
				AC49965C1C1DEC1400575DD5 /* GenomeIndex.cpp in Sources */,
				AC4996651C1DEFB400575DD5 /* Alignment.cpp in Sources */,
				AC4996621C1DEE5700575DD5 /* CorrectAlignment.cpp in Sources */,
				AC49965F1C1DEC9500575DD5 /* Read.cpp in Sources */,
				AC01408A1C2DE5D40010D0E3 /* Heap.cpp in Sources */,
			);
			runOnlyForDeploymentPostprocessing = 0;
		};
/* End PBXSourcesBuildPhase section */

/* Begin XCBuildConfiguration section */
		AC30D3C81C0CD77F00F48FB9 /* Debug */ = {
			isa = XCBuildConfiguration;
			buildSettings = {
				ALWAYS_SEARCH_USER_PATHS = NO;
				CLANG_CXX_LANGUAGE_STANDARD = "gnu++0x";
				CLANG_CXX_LIBRARY = "libc++";
				CLANG_ENABLE_MODULES = YES;
				CLANG_ENABLE_OBJC_ARC = YES;
				CLANG_WARN_BOOL_CONVERSION = YES;
				CLANG_WARN_CONSTANT_CONVERSION = YES;
				CLANG_WARN_DIRECT_OBJC_ISA_USAGE = YES_ERROR;
				CLANG_WARN_EMPTY_BODY = YES;
				CLANG_WARN_ENUM_CONVERSION = YES;
				CLANG_WARN_INT_CONVERSION = YES;
				CLANG_WARN_OBJC_ROOT_CLASS = YES_ERROR;
				CLANG_WARN_UNREACHABLE_CODE = YES;
				CLANG_WARN__DUPLICATE_METHOD_MATCH = YES;
				CODE_SIGN_IDENTITY = "-";
				COPY_PHASE_STRIP = NO;
				DEBUG_INFORMATION_FORMAT = dwarf;
				ENABLE_STRICT_OBJC_MSGSEND = YES;
				ENABLE_TESTABILITY = YES;
				GCC_C_LANGUAGE_STANDARD = gnu99;
				GCC_DYNAMIC_NO_PIC = NO;
				GCC_NO_COMMON_BLOCKS = YES;
				GCC_OPTIMIZATION_LEVEL = 0;
				GCC_PREPROCESSOR_DEFINITIONS = (
					"DEBUG=1",
					"$(inherited)",
				);
				GCC_WARN_64_TO_32_BIT_CONVERSION = YES;
				GCC_WARN_ABOUT_RETURN_TYPE = YES_ERROR;
				GCC_WARN_UNDECLARED_SELECTOR = YES;
				GCC_WARN_UNINITIALIZED_AUTOS = YES_AGGRESSIVE;
				GCC_WARN_UNUSED_FUNCTION = YES;
				GCC_WARN_UNUSED_VARIABLE = YES;
				MACOSX_DEPLOYMENT_TARGET = 10.10;
				MTL_ENABLE_DEBUG_INFO = YES;
				ONLY_ACTIVE_ARCH = YES;
				SDKROOT = macosx;
			};
			name = Debug;
		};
		AC30D3C91C0CD77F00F48FB9 /* Release */ = {
			isa = XCBuildConfiguration;
			buildSettings = {
				ALWAYS_SEARCH_USER_PATHS = NO;
				CLANG_CXX_LANGUAGE_STANDARD = "gnu++0x";
				CLANG_CXX_LIBRARY = "libc++";
				CLANG_ENABLE_MODULES = YES;
				CLANG_ENABLE_OBJC_ARC = YES;
				CLANG_WARN_BOOL_CONVERSION = YES;
				CLANG_WARN_CONSTANT_CONVERSION = YES;
				CLANG_WARN_DIRECT_OBJC_ISA_USAGE = YES_ERROR;
				CLANG_WARN_EMPTY_BODY = YES;
				CLANG_WARN_ENUM_CONVERSION = YES;
				CLANG_WARN_INT_CONVERSION = YES;
				CLANG_WARN_OBJC_ROOT_CLASS = YES_ERROR;
				CLANG_WARN_UNREACHABLE_CODE = YES;
				CLANG_WARN__DUPLICATE_METHOD_MATCH = YES;
				CODE_SIGN_IDENTITY = "-";
				COPY_PHASE_STRIP = NO;
				DEBUG_INFORMATION_FORMAT = "dwarf-with-dsym";
				ENABLE_NS_ASSERTIONS = NO;
				ENABLE_STRICT_OBJC_MSGSEND = YES;
				GCC_C_LANGUAGE_STANDARD = gnu99;
				GCC_NO_COMMON_BLOCKS = YES;
				GCC_WARN_64_TO_32_BIT_CONVERSION = YES;
				GCC_WARN_ABOUT_RETURN_TYPE = YES_ERROR;
				GCC_WARN_UNDECLARED_SELECTOR = YES;
				GCC_WARN_UNINITIALIZED_AUTOS = YES_AGGRESSIVE;
				GCC_WARN_UNUSED_FUNCTION = YES;
				GCC_WARN_UNUSED_VARIABLE = YES;
				MACOSX_DEPLOYMENT_TARGET = 10.10;
				MTL_ENABLE_DEBUG_INFO = NO;
				SDKROOT = macosx;
			};
			name = Release;
		};
		AC30D3CB1C0CD77F00F48FB9 /* Debug */ = {
			isa = XCBuildConfiguration;
			buildSettings = {
				PRODUCT_NAME = "$(TARGET_NAME)";
			};
			name = Debug;
		};
		AC30D3CC1C0CD77F00F48FB9 /* Release */ = {
			isa = XCBuildConfiguration;
			buildSettings = {
				PRODUCT_NAME = "$(TARGET_NAME)";
			};
			name = Release;
		};
/* End XCBuildConfiguration section */

/* Begin XCConfigurationList section */
		AC30D3BE1C0CD77F00F48FB9 /* Build configuration list for PBXProject "SuperBBmap" */ = {
			isa = XCConfigurationList;
			buildConfigurations = (
				AC30D3C81C0CD77F00F48FB9 /* Debug */,
				AC30D3C91C0CD77F00F48FB9 /* Release */,
			);
			defaultConfigurationIsVisible = 0;
			defaultConfigurationName = Release;
		};
		AC30D3CA1C0CD77F00F48FB9 /* Build configuration list for PBXNativeTarget "SuperBBmap" */ = {
			isa = XCConfigurationList;
			buildConfigurations = (
				AC30D3CB1C0CD77F00F48FB9 /* Debug */,
				AC30D3CC1C0CD77F00F48FB9 /* Release */,
			);
			defaultConfigurationIsVisible = 0;
			defaultConfigurationName = Release;
		};
/* End XCConfigurationList section */
	};
	rootObject = AC30D3BB1C0CD77F00F48FB9 /* Project object */;
}
